
Microsoft Visual Studio Solution File, Format Version 12.00
# Visual Studio 15
VisualStudioVersion = 15.0.27130.2027
MinimumVisualStudioVersion = 10.0.40219.1
Project("{FAE04EC0-301F-11D3-BF4B-00C04F79EFBC}") = "IdeaPath.WEB", "IdeaPath\IdeaPath.WEB.csproj", "{BB7C97A0-136E-468A-B1F3-F290D5809AB3}"
EndProject
Project("{FAE04EC0-301F-11D3-BF4B-00C04F79EFBC}") = "IdeaPath.DAL", "IdeaPath.DAL\IdeaPath.DAL.csproj", "{561AAB8A-62DF-4270-940C-818144D8A42B}"
EndProject
Project("{FAE04EC0-301F-11D3-BF4B-00C04F79EFBC}") = "IdeaPath.BLL", "IdeaPath.BLL\IdeaPath.BLL.csproj", "{86548942-1513-42E0-A5F6-79D110AC8EC6}"
EndProject
Project("{FAE04EC0-301F-11D3-BF4B-00C04F79EFBC}") = "IdeaPath.Api.Server", "IdeaPath.API\IdeaPath.Api.Server.csproj", "{BD4589AA-A7AC-4F72-9B57-57641479528A}"
EndProject
Project("{FAE04EC0-301F-11D3-BF4B-00C04F79EFBC}") = "IdeaPath.Api.Client", "IdeaPath.Api.Client\IdeaPath.Api.Client.csproj", "{01B375AE-D042-4971-B99D-4DC91C60F1A3}"
EndProject
Project("{FAE04EC0-301F-11D3-BF4B-00C04F79EFBC}") = "IdeaPath.Api.Contracts", "IdeaPath.Api.Contracts\IdeaPath.Api.Contracts.csproj", "{39373E5C-CA6C-49B9-BC0C-5E9E828B2582}"
EndProject
Project("{FAE04EC0-301F-11D3-BF4B-00C04F79EFBC}") = "IdeaPath.BEL", "IdeaPath.BEL\IdeaPath.BEL.csproj", "{A3F56DAD-C919-4365-958D-F4DD0346B817}"
EndProject
Project("{FAE04EC0-301F-11D3-BF4B-00C04F79EFBC}") = "IdeaPath.UnitTest", "IdeaPath.UnitTest\IdeaPath.UnitTest.csproj", "{A9108AC1-39D9-4797-A3BD-0ACBBDA54068}"
EndProject
Global
	GlobalSection(SolutionConfigurationPlatforms) = preSolution
		Debug|Any CPU = Debug|Any CPU
		Debug|ARM = Debug|ARM
		Debug|x64 = Debug|x64
		Debug|x86 = Debug|x86
		Release|Any CPU = Release|Any CPU
		Release|ARM = Release|ARM
		Release|x64 = Release|x64
		Release|x86 = Release|x86
	EndGlobalSection
	GlobalSection(ProjectConfigurationPlatforms) = postSolution
		{BB7C97A0-136E-468A-B1F3-F290D5809AB3}.Debug|Any CPU.ActiveCfg = Debug|Any CPU
		{BB7C97A0-136E-468A-B1F3-F290D5809AB3}.Debug|Any CPU.Build.0 = Debug|Any CPU
		{BB7C97A0-136E-468A-B1F3-F290D5809AB3}.Debug|ARM.ActiveCfg = Debug|Any CPU
		{BB7C97A0-136E-468A-B1F3-F290D5809AB3}.Debug|ARM.Build.0 = Debug|Any CPU
		{BB7C97A0-136E-468A-B1F3-F290D5809AB3}.Debug|x64.ActiveCfg = Debug|Any CPU
		{BB7C97A0-136E-468A-B1F3-F290D5809AB3}.Debug|x64.Build.0 = Debug|Any CPU
		{BB7C97A0-136E-468A-B1F3-F290D5809AB3}.Debug|x86.ActiveCfg = Debug|Any CPU
		{BB7C97A0-136E-468A-B1F3-F290D5809AB3}.Debug|x86.Build.0 = Debug|Any CPU
		{BB7C97A0-136E-468A-B1F3-F290D5809AB3}.Release|Any CPU.ActiveCfg = Release|Any CPU
		{BB7C97A0-136E-468A-B1F3-F290D5809AB3}.Release|Any CPU.Build.0 = Release|Any CPU
		{BB7C97A0-136E-468A-B1F3-F290D5809AB3}.Release|ARM.ActiveCfg = Release|Any CPU
		{BB7C97A0-136E-468A-B1F3-F290D5809AB3}.Release|ARM.Build.0 = Release|Any CPU
		{BB7C97A0-136E-468A-B1F3-F290D5809AB3}.Release|x64.ActiveCfg = Release|Any CPU
		{BB7C97A0-136E-468A-B1F3-F290D5809AB3}.Release|x64.Build.0 = Release|Any CPU
		{BB7C97A0-136E-468A-B1F3-F290D5809AB3}.Release|x86.ActiveCfg = Release|Any CPU
		{BB7C97A0-136E-468A-B1F3-F290D5809AB3}.Release|x86.Build.0 = Release|Any CPU
		{561AAB8A-62DF-4270-940C-818144D8A42B}.Debug|Any CPU.ActiveCfg = Debug|Any CPU
		{561AAB8A-62DF-4270-940C-818144D8A42B}.Debug|Any CPU.Build.0 = Debug|Any CPU
		{561AAB8A-62DF-4270-940C-818144D8A42B}.Debug|ARM.ActiveCfg = Debug|Any CPU
		{561AAB8A-62DF-4270-940C-818144D8A42B}.Debug|ARM.Build.0 = Debug|Any CPU
		{561AAB8A-62DF-4270-940C-818144D8A42B}.Debug|x64.ActiveCfg = Debug|Any CPU
		{561AAB8A-62DF-4270-940C-818144D8A42B}.Debug|x64.Build.0 = Debug|Any CPU
		{561AAB8A-62DF-4270-940C-818144D8A42B}.Debug|x86.ActiveCfg = Debug|Any CPU
		{561AAB8A-62DF-4270-940C-818144D8A42B}.Debug|x86.Build.0 = Debug|Any CPU
		{561AAB8A-62DF-4270-940C-818144D8A42B}.Release|Any CPU.ActiveCfg = Release|Any CPU
		{561AAB8A-62DF-4270-940C-818144D8A42B}.Release|Any CPU.Build.0 = Release|Any CPU
		{561AAB8A-62DF-4270-940C-818144D8A42B}.Release|ARM.ActiveCfg = Release|Any CPU
		{561AAB8A-62DF-4270-940C-818144D8A42B}.Release|ARM.Build.0 = Release|Any CPU
		{561AAB8A-62DF-4270-940C-818144D8A42B}.Release|x64.ActiveCfg = Release|Any CPU
		{561AAB8A-62DF-4270-940C-818144D8A42B}.Release|x64.Build.0 = Release|Any CPU
		{561AAB8A-62DF-4270-940C-818144D8A42B}.Release|x86.ActiveCfg = Release|Any CPU
		{561AAB8A-62DF-4270-940C-818144D8A42B}.Release|x86.Build.0 = Release|Any CPU
		{86548942-1513-42E0-A5F6-79D110AC8EC6}.Debug|Any CPU.ActiveCfg = Debug|Any CPU
		{86548942-1513-42E0-A5F6-79D110AC8EC6}.Debug|Any CPU.Build.0 = Debug|Any CPU
		{86548942-1513-42E0-A5F6-79D110AC8EC6}.Debug|ARM.ActiveCfg = Debug|Any CPU
		{86548942-1513-42E0-A5F6-79D110AC8EC6}.Debug|ARM.Build.0 = Debug|Any CPU
		{86548942-1513-42E0-A5F6-79D110AC8EC6}.Debug|x64.ActiveCfg = Debug|Any CPU
		{86548942-1513-42E0-A5F6-79D110AC8EC6}.Debug|x64.Build.0 = Debug|Any CPU
		{86548942-1513-42E0-A5F6-79D110AC8EC6}.Debug|x86.ActiveCfg = Debug|Any CPU
		{86548942-1513-42E0-A5F6-79D110AC8EC6}.Debug|x86.Build.0 = Debug|Any CPU
		{86548942-1513-42E0-A5F6-79D110AC8EC6}.Release|Any CPU.ActiveCfg = Release|Any CPU
		{86548942-1513-42E0-A5F6-79D110AC8EC6}.Release|Any CPU.Build.0 = Release|Any CPU
		{86548942-1513-42E0-A5F6-79D110AC8EC6}.Release|ARM.ActiveCfg = Release|Any CPU
		{86548942-1513-42E0-A5F6-79D110AC8EC6}.Release|ARM.Build.0 = Release|Any CPU
		{86548942-1513-42E0-A5F6-79D110AC8EC6}.Release|x64.ActiveCfg = Release|Any CPU
		{86548942-1513-42E0-A5F6-79D110AC8EC6}.Release|x64.Build.0 = Release|Any CPU
		{86548942-1513-42E0-A5F6-79D110AC8EC6}.Release|x86.ActiveCfg = Release|Any CPU
		{86548942-1513-42E0-A5F6-79D110AC8EC6}.Release|x86.Build.0 = Release|Any CPU
		{BD4589AA-A7AC-4F72-9B57-57641479528A}.Debug|Any CPU.ActiveCfg = Debug|Any CPU
		{BD4589AA-A7AC-4F72-9B57-57641479528A}.Debug|Any CPU.Build.0 = Debug|Any CPU
		{BD4589AA-A7AC-4F72-9B57-57641479528A}.Debug|ARM.ActiveCfg = Debug|Any CPU
		{BD4589AA-A7AC-4F72-9B57-57641479528A}.Debug|ARM.Build.0 = Debug|Any CPU
		{BD4589AA-A7AC-4F72-9B57-57641479528A}.Debug|x64.ActiveCfg = Debug|Any CPU
		{BD4589AA-A7AC-4F72-9B57-57641479528A}.Debug|x64.Build.0 = Debug|Any CPU
		{BD4589AA-A7AC-4F72-9B57-57641479528A}.Debug|x86.ActiveCfg = Debug|Any CPU
		{BD4589AA-A7AC-4F72-9B57-57641479528A}.Debug|x86.Build.0 = Debug|Any CPU
		{BD4589AA-A7AC-4F72-9B57-57641479528A}.Release|Any CPU.ActiveCfg = Release|Any CPU
		{BD4589AA-A7AC-4F72-9B57-57641479528A}.Release|Any CPU.Build.0 = Release|Any CPU
		{BD4589AA-A7AC-4F72-9B57-57641479528A}.Release|ARM.ActiveCfg = Release|Any CPU
		{BD4589AA-A7AC-4F72-9B57-57641479528A}.Release|ARM.Build.0 = Release|Any CPU
		{BD4589AA-A7AC-4F72-9B57-57641479528A}.Release|x64.ActiveCfg = Release|Any CPU
		{BD4589AA-A7AC-4F72-9B57-57641479528A}.Release|x64.Build.0 = Release|Any CPU
		{BD4589AA-A7AC-4F72-9B57-57641479528A}.Release|x86.ActiveCfg = Release|Any CPU
		{BD4589AA-A7AC-4F72-9B57-57641479528A}.Release|x86.Build.0 = Release|Any CPU
		{01B375AE-D042-4971-B99D-4DC91C60F1A3}.Debug|Any CPU.ActiveCfg = Debug|Any CPU
		{01B375AE-D042-4971-B99D-4DC91C60F1A3}.Debug|Any CPU.Build.0 = Debug|Any CPU
		{01B375AE-D042-4971-B99D-4DC91C60F1A3}.Debug|ARM.ActiveCfg = Debug|Any CPU
		{01B375AE-D042-4971-B99D-4DC91C60F1A3}.Debug|ARM.Build.0 = Debug|Any CPU
		{01B375AE-D042-4971-B99D-4DC91C60F1A3}.Debug|x64.ActiveCfg = Debug|Any CPU
		{01B375AE-D042-4971-B99D-4DC91C60F1A3}.Debug|x64.Build.0 = Debug|Any CPU
		{01B375AE-D042-4971-B99D-4DC91C60F1A3}.Debug|x86.ActiveCfg = Debug|Any CPU
		{01B375AE-D042-4971-B99D-4DC91C60F1A3}.Debug|x86.Build.0 = Debug|Any CPU
		{01B375AE-D042-4971-B99D-4DC91C60F1A3}.Release|Any CPU.ActiveCfg = Release|Any CPU
		{01B375AE-D042-4971-B99D-4DC91C60F1A3}.Release|Any CPU.Build.0 = Release|Any CPU
		{01B375AE-D042-4971-B99D-4DC91C60F1A3}.Release|ARM.ActiveCfg = Release|Any CPU
		{01B375AE-D042-4971-B99D-4DC91C60F1A3}.Release|ARM.Build.0 = Release|Any CPU
		{01B375AE-D042-4971-B99D-4DC91C60F1A3}.Release|x64.ActiveCfg = Release|Any CPU
		{01B375AE-D042-4971-B99D-4DC91C60F1A3}.Release|x64.Build.0 = Release|Any CPU
		{01B375AE-D042-4971-B99D-4DC91C60F1A3}.Release|x86.ActiveCfg = Release|Any CPU
		{01B375AE-D042-4971-B99D-4DC91C60F1A3}.Release|x86.Build.0 = Release|Any CPU
		{39373E5C-CA6C-49B9-BC0C-5E9E828B2582}.Debug|Any CPU.ActiveCfg = Debug|Any CPU
		{39373E5C-CA6C-49B9-BC0C-5E9E828B2582}.Debug|Any CPU.Build.0 = Debug|Any CPU
		{39373E5C-CA6C-49B9-BC0C-5E9E828B2582}.Debug|ARM.ActiveCfg = Debug|Any CPU
		{39373E5C-CA6C-49B9-BC0C-5E9E828B2582}.Debug|ARM.Build.0 = Debug|Any CPU
		{39373E5C-CA6C-49B9-BC0C-5E9E828B2582}.Debug|x64.ActiveCfg = Debug|Any CPU
		{39373E5C-CA6C-49B9-BC0C-5E9E828B2582}.Debug|x64.Build.0 = Debug|Any CPU
		{39373E5C-CA6C-49B9-BC0C-5E9E828B2582}.Debug|x86.ActiveCfg = Debug|Any CPU
		{39373E5C-CA6C-49B9-BC0C-5E9E828B2582}.Debug|x86.Build.0 = Debug|Any CPU
		{39373E5C-CA6C-49B9-BC0C-5E9E828B2582}.Release|Any CPU.ActiveCfg = Release|Any CPU
		{39373E5C-CA6C-49B9-BC0C-5E9E828B2582}.Release|Any CPU.Build.0 = Release|Any CPU
		{39373E5C-CA6C-49B9-BC0C-5E9E828B2582}.Release|ARM.ActiveCfg = Release|Any CPU
		{39373E5C-CA6C-49B9-BC0C-5E9E828B2582}.Release|ARM.Build.0 = Release|Any CPU
		{39373E5C-CA6C-49B9-BC0C-5E9E828B2582}.Release|x64.ActiveCfg = Release|Any CPU
		{39373E5C-CA6C-49B9-BC0C-5E9E828B2582}.Release|x64.Build.0 = Release|Any CPU
		{39373E5C-CA6C-49B9-BC0C-5E9E828B2582}.Release|x86.ActiveCfg = Release|Any CPU
		{39373E5C-CA6C-49B9-BC0C-5E9E828B2582}.Release|x86.Build.0 = Release|Any CPU
		{A3F56DAD-C919-4365-958D-F4DD0346B817}.Debug|Any CPU.ActiveCfg = Debug|Any CPU
		{A3F56DAD-C919-4365-958D-F4DD0346B817}.Debug|Any CPU.Build.0 = Debug|Any CPU
		{A3F56DAD-C919-4365-958D-F4DD0346B817}.Debug|ARM.ActiveCfg = Debug|Any CPU
		{A3F56DAD-C919-4365-958D-F4DD0346B817}.Debug|ARM.Build.0 = Debug|Any CPU
		{A3F56DAD-C919-4365-958D-F4DD0346B817}.Debug|x64.ActiveCfg = Debug|Any CPU
		{A3F56DAD-C919-4365-958D-F4DD0346B817}.Debug|x64.Build.0 = Debug|Any CPU
		{A3F56DAD-C919-4365-958D-F4DD0346B817}.Debug|x86.ActiveCfg = Debug|Any CPU
		{A3F56DAD-C919-4365-958D-F4DD0346B817}.Debug|x86.Build.0 = Debug|Any CPU
		{A3F56DAD-C919-4365-958D-F4DD0346B817}.Release|Any CPU.ActiveCfg = Release|Any CPU
		{A3F56DAD-C919-4365-958D-F4DD0346B817}.Release|Any CPU.Build.0 = Release|Any CPU
		{A3F56DAD-C919-4365-958D-F4DD0346B817}.Release|ARM.ActiveCfg = Release|Any CPU
		{A3F56DAD-C919-4365-958D-F4DD0346B817}.Release|ARM.Build.0 = Release|Any CPU
		{A3F56DAD-C919-4365-958D-F4DD0346B817}.Release|x64.ActiveCfg = Release|Any CPU
		{A3F56DAD-C919-4365-958D-F4DD0346B817}.Release|x64.Build.0 = Release|Any CPU
		{A3F56DAD-C919-4365-958D-F4DD0346B817}.Release|x86.ActiveCfg = Release|Any CPU
		{A3F56DAD-C919-4365-958D-F4DD0346B817}.Release|x86.Build.0 = Release|Any CPU
		{A9108AC1-39D9-4797-A3BD-0ACBBDA54068}.Debug|Any CPU.ActiveCfg = Debug|Any CPU
		{A9108AC1-39D9-4797-A3BD-0ACBBDA54068}.Debug|Any CPU.Build.0 = Debug|Any CPU
		{A9108AC1-39D9-4797-A3BD-0ACBBDA54068}.Debug|ARM.ActiveCfg = Debug|Any CPU
		{A9108AC1-39D9-4797-A3BD-0ACBBDA54068}.Debug|ARM.Build.0 = Debug|Any CPU
		{A9108AC1-39D9-4797-A3BD-0ACBBDA54068}.Debug|x64.ActiveCfg = Debug|Any CPU
		{A9108AC1-39D9-4797-A3BD-0ACBBDA54068}.Debug|x64.Build.0 = Debug|Any CPU
		{A9108AC1-39D9-4797-A3BD-0ACBBDA54068}.Debug|x86.ActiveCfg = Debug|Any CPU
		{A9108AC1-39D9-4797-A3BD-0ACBBDA54068}.Debug|x86.Build.0 = Debug|Any CPU
		{A9108AC1-39D9-4797-A3BD-0ACBBDA54068}.Release|Any CPU.ActiveCfg = Release|Any CPU
		{A9108AC1-39D9-4797-A3BD-0ACBBDA54068}.Release|Any CPU.Build.0 = Release|Any CPU
		{A9108AC1-39D9-4797-A3BD-0ACBBDA54068}.Release|ARM.ActiveCfg = Release|Any CPU
		{A9108AC1-39D9-4797-A3BD-0ACBBDA54068}.Release|ARM.Build.0 = Release|Any CPU
		{A9108AC1-39D9-4797-A3BD-0ACBBDA54068}.Release|x64.ActiveCfg = Release|Any CPU
		{A9108AC1-39D9-4797-A3BD-0ACBBDA54068}.Release|x64.Build.0 = Release|Any CPU
		{A9108AC1-39D9-4797-A3BD-0ACBBDA54068}.Release|x86.ActiveCfg = Release|Any CPU
		{A9108AC1-39D9-4797-A3BD-0ACBBDA54068}.Release|x86.Build.0 = Release|Any CPU
	EndGlobalSection
	GlobalSection(SolutionProperties) = preSolution
		HideSolutionNode = FALSE
	EndGlobalSection
	GlobalSection(ExtensibilityGlobals) = postSolution
		SolutionGuid = {700D498D-B71F-4EC8-849F-68A06476B59E}
	EndGlobalSection
EndGlobal
